
Microsoft Visual Studio Solution File, Format Version 12.00
# Visual Studio Version 17
VisualStudioVersion = 17.0.31912.275
MinimumVisualStudioVersion = 10.0.40219.1
Project("{9A19103F-16F7-4668-BE54-9A1E7A4F7556}") = "Vehicles.Common", "Vehicles.Common\Vehicles.Common.csproj", "{ABBE09DA-5C96-4C68-B0DC-BB2664A69C0A}"
EndProject
Project("{9A19103F-16F7-4668-BE54-9A1E7A4F7556}") = "Vehicles.API", "Vehicles.API\Vehicles.API.csproj", "{DC0F1DA0-0C5C-41D6-8003-1E6B250DC322}"
EndProject
Global
	GlobalSection(SolutionConfigurationPlatforms) = preSolution
		Debug|Any CPU = Debug|Any CPU
		Release|Any CPU = Release|Any CPU
	EndGlobalSection
	GlobalSection(ProjectConfigurationPlatforms) = postSolution
		{ABBE09DA-5C96-4C68-B0DC-BB2664A69C0A}.Debug|Any CPU.ActiveCfg = Debug|Any CPU
		{ABBE09DA-5C96-4C68-B0DC-BB2664A69C0A}.Debug|Any CPU.Build.0 = Debug|Any CPU
		{ABBE09DA-5C96-4C68-B0DC-BB2664A69C0A}.Release|Any CPU.ActiveCfg = Release|Any CPU
		{ABBE09DA-5C96-4C68-B0DC-BB2664A69C0A}.Release|Any CPU.Build.0 = Release|Any CPU
		{DC0F1DA0-0C5C-41D6-8003-1E6B250DC322}.Debug|Any CPU.ActiveCfg = Debug|Any CPU
		{DC0F1DA0-0C5C-41D6-8003-1E6B250DC322}.Debug|Any CPU.Build.0 = Debug|Any CPU
		{DC0F1DA0-0C5C-41D6-8003-1E6B250DC322}.Release|Any CPU.ActiveCfg = Debug|Any CPU
		{DC0F1DA0-0C5C-41D6-8003-1E6B250DC322}.Release|Any CPU.Build.0 = Debug|Any CPU
	EndGlobalSection
	GlobalSection(SolutionProperties) = preSolution
		HideSolutionNode = FALSE
	EndGlobalSection
	GlobalSection(ExtensibilityGlobals) = postSolution
		SolutionGuid = {C2627B4D-7B5E-44BC-9C03-21C25AD4FC1B}
	EndGlobalSection
EndGlobal
